
Microsoft Visual Studio Solution File, Format Version 12.00
# Visual Studio Version 16
VisualStudioVersion = 16.0.30204.135
MinimumVisualStudioVersion = 10.0.40219.1
Project("{9A19103F-16F7-4668-BE54-9A1E7A4F7556}") = "SalonSpaBooking", "SalonSpaBooking.csproj", "{446959BD-3819-4199-B7FB-88E0A6C1CF12}"
EndProject
Project("{9A19103F-16F7-4668-BE54-9A1E7A4F7556}") = "SalonSpaBooking.Entities", "..\SalonSpaBooking.Entities\SalonSpaBooking.Entities.csproj", "{4150A255-301A-4211-BDC6-0413AF90A89E}"
EndProject
Project("{9A19103F-16F7-4668-BE54-9A1E7A4F7556}") = "SalonSpaBooking.DataLayer", "..\SalonSpaBooking.DataLayer\SalonSpaBooking.DataLayer.csproj", "{D43D5DE1-E28E-41B3-A246-C0146A8174E6}"
EndProject
Project("{9A19103F-16F7-4668-BE54-9A1E7A4F7556}") = "SalonSpaBooking.BusinessLayer", "..\SalonSpaBooking.BusinessLayer\SalonSpaBooking.BusinessLayer.csproj", "{DBB4E11F-CB77-42DA-9992-560F5B414AA9}"
EndProject
Project("{FAE04EC0-301F-11D3-BF4B-00C04F79EFBC}") = "SalonSpaBooking.Tests", "..\SalonSpaBooking.Tests\SalonSpaBooking.Tests.csproj", "{216B196A-A58C-427D-AE41-B96CFB67F38A}"
EndProject
Global
	GlobalSection(SolutionConfigurationPlatforms) = preSolution
		Debug|Any CPU = Debug|Any CPU
		Release|Any CPU = Release|Any CPU
	EndGlobalSection
	GlobalSection(ProjectConfigurationPlatforms) = postSolution
		{446959BD-3819-4199-B7FB-88E0A6C1CF12}.Debug|Any CPU.ActiveCfg = Debug|Any CPU
		{446959BD-3819-4199-B7FB-88E0A6C1CF12}.Debug|Any CPU.Build.0 = Debug|Any CPU
		{446959BD-3819-4199-B7FB-88E0A6C1CF12}.Release|Any CPU.ActiveCfg = Release|Any CPU
		{446959BD-3819-4199-B7FB-88E0A6C1CF12}.Release|Any CPU.Build.0 = Release|Any CPU
		{4150A255-301A-4211-BDC6-0413AF90A89E}.Debug|Any CPU.ActiveCfg = Debug|Any CPU
		{4150A255-301A-4211-BDC6-0413AF90A89E}.Debug|Any CPU.Build.0 = Debug|Any CPU
		{4150A255-301A-4211-BDC6-0413AF90A89E}.Release|Any CPU.ActiveCfg = Release|Any CPU
		{4150A255-301A-4211-BDC6-0413AF90A89E}.Release|Any CPU.Build.0 = Release|Any CPU
		{D43D5DE1-E28E-41B3-A246-C0146A8174E6}.Debug|Any CPU.ActiveCfg = Debug|Any CPU
		{D43D5DE1-E28E-41B3-A246-C0146A8174E6}.Debug|Any CPU.Build.0 = Debug|Any CPU
		{D43D5DE1-E28E-41B3-A246-C0146A8174E6}.Release|Any CPU.ActiveCfg = Release|Any CPU
		{D43D5DE1-E28E-41B3-A246-C0146A8174E6}.Release|Any CPU.Build.0 = Release|Any CPU
		{DBB4E11F-CB77-42DA-9992-560F5B414AA9}.Debug|Any CPU.ActiveCfg = Debug|Any CPU
		{DBB4E11F-CB77-42DA-9992-560F5B414AA9}.Debug|Any CPU.Build.0 = Debug|Any CPU
		{DBB4E11F-CB77-42DA-9992-560F5B414AA9}.Release|Any CPU.ActiveCfg = Release|Any CPU
		{DBB4E11F-CB77-42DA-9992-560F5B414AA9}.Release|Any CPU.Build.0 = Release|Any CPU
		{216B196A-A58C-427D-AE41-B96CFB67F38A}.Debug|Any CPU.ActiveCfg = Debug|Any CPU
		{216B196A-A58C-427D-AE41-B96CFB67F38A}.Debug|Any CPU.Build.0 = Debug|Any CPU
		{216B196A-A58C-427D-AE41-B96CFB67F38A}.Release|Any CPU.ActiveCfg = Release|Any CPU
		{216B196A-A58C-427D-AE41-B96CFB67F38A}.Release|Any CPU.Build.0 = Release|Any CPU
	EndGlobalSection
	GlobalSection(SolutionProperties) = preSolution
		HideSolutionNode = FALSE
	EndGlobalSection
	GlobalSection(ExtensibilityGlobals) = postSolution
		SolutionGuid = {65652560-0599-481B-9C13-EE556C7C2402}
	EndGlobalSection
EndGlobal
